
Microsoft Visual Studio Solution File, Format Version 12.00
# Visual Studio Version 17
VisualStudioVersion = 17.0.31903.59
MinimumVisualStudioVersion = 10.0.40219.1
Project("{2150E333-8FDC-42A3-9474-1A3956D46DE8}") = "src", "src", "{70D13DC3-21F1-4CFC-BF1B-DFD075BC1985}"
EndProject
Project("{FAE04EC0-301F-11D3-BF4B-00C04F79EFBC}") = "Forge.Core", "src\Forge.Core\Forge.Core.csproj", "{9D9537AB-4D59-4C5F-BEBF-69E32837C421}"
EndProject
Project("{FAE04EC0-301F-11D3-BF4B-00C04F79EFBC}") = "Forge.Tools", "src\Forge.Tools\Forge.Tools.csproj", "{13763C07-71C1-4E22-9608-218AB27500CB}"
EndProject
Project("{FAE04EC0-301F-11D3-BF4B-00C04F79EFBC}") = "Forge.Llm", "src\Forge.Llm\Forge.Llm.csproj", "{2E92893A-08CF-4B83-A3D9-BC68683F8014}"
EndProject
Project("{FAE04EC0-301F-11D3-BF4B-00C04F79EFBC}") = "Forge.Agent", "src\Forge.Agent\Forge.Agent.csproj", "{DFEB9EBD-B5C7-40F5-92CB-7B895662E3B2}"
EndProject
Project("{FAE04EC0-301F-11D3-BF4B-00C04F79EFBC}") = "Forge.Pipeline", "src\Forge.Pipeline\Forge.Pipeline.csproj", "{B4F071B4-6C0F-44CE-A8EC-0F38CDB02F92}"
EndProject
Project("{FAE04EC0-301F-11D3-BF4B-00C04F79EFBC}") = "Forge.Cli", "src\Forge.Cli\Forge.Cli.csproj", "{CE814B4A-FEC7-4849-ACFE-4106C369A015}"
EndProject
Project("{2150E333-8FDC-42A3-9474-1A3956D46DE8}") = "tests", "tests", "{7D76243D-F1D6-426B-ADFB-5251215BD1FA}"
EndProject
Project("{FAE04EC0-301F-11D3-BF4B-00C04F79EFBC}") = "Forge.Core.Tests", "tests\Forge.Core.Tests\Forge.Core.Tests.csproj", "{327E4B60-6527-4EFA-B554-57E548F74088}"
EndProject
Project("{FAE04EC0-301F-11D3-BF4B-00C04F79EFBC}") = "Forge.Tools.Tests", "tests\Forge.Tools.Tests\Forge.Tools.Tests.csproj", "{4D5A184F-6F66-4E25-BB93-CC224ABE3B10}"
EndProject
Project("{FAE04EC0-301F-11D3-BF4B-00C04F79EFBC}") = "Forge.Agent.Tests", "tests\Forge.Agent.Tests\Forge.Agent.Tests.csproj", "{08F3B7A6-7DE0-4CAE-87D4-80958B13DF89}"
EndProject
Project("{FAE04EC0-301F-11D3-BF4B-00C04F79EFBC}") = "Forge.Pipeline.Tests", "tests\Forge.Pipeline.Tests\Forge.Pipeline.Tests.csproj", "{EDAC1282-7518-46E6-80CB-0771F902B3D2}"
EndProject
Project("{FAE04EC0-301F-11D3-BF4B-00C04F79EFBC}") = "Forge.EndToEnd.Tests", "tests\Forge.EndToEnd.Tests\Forge.EndToEnd.Tests.csproj", "{FBAE93F8-E242-4A7A-ABC7-48454D17151E}"
EndProject
Project("{FAE04EC0-301F-11D3-BF4B-00C04F79EFBC}") = "Forge.Cli.Tests", "tests\Forge.Cli.Tests\Forge.Cli.Tests.csproj", "{DFC7DDFF-9E99-4D69-A5E7-FA09B4E7AD12}"
EndProject
Project("{FAE04EC0-301F-11D3-BF4B-00C04F79EFBC}") = "Forge.Llm.Tests", "tests\Forge.Llm.Tests\Forge.Llm.Tests.csproj", "{D717D03D-A34E-4738-AD17-2ADC4E2D594A}"
EndProject
Global
	GlobalSection(SolutionConfigurationPlatforms) = preSolution
		Debug|Any CPU = Debug|Any CPU
		Debug|x64 = Debug|x64
		Debug|x86 = Debug|x86
		Release|Any CPU = Release|Any CPU
		Release|x64 = Release|x64
		Release|x86 = Release|x86
	EndGlobalSection
	GlobalSection(ProjectConfigurationPlatforms) = postSolution
		{9D9537AB-4D59-4C5F-BEBF-69E32837C421}.Debug|Any CPU.ActiveCfg = Debug|Any CPU
		{9D9537AB-4D59-4C5F-BEBF-69E32837C421}.Debug|Any CPU.Build.0 = Debug|Any CPU
		{9D9537AB-4D59-4C5F-BEBF-69E32837C421}.Debug|x64.ActiveCfg = Debug|Any CPU
		{9D9537AB-4D59-4C5F-BEBF-69E32837C421}.Debug|x64.Build.0 = Debug|Any CPU
		{9D9537AB-4D59-4C5F-BEBF-69E32837C421}.Debug|x86.ActiveCfg = Debug|Any CPU
		{9D9537AB-4D59-4C5F-BEBF-69E32837C421}.Debug|x86.Build.0 = Debug|Any CPU
		{9D9537AB-4D59-4C5F-BEBF-69E32837C421}.Release|Any CPU.ActiveCfg = Release|Any CPU
		{9D9537AB-4D59-4C5F-BEBF-69E32837C421}.Release|Any CPU.Build.0 = Release|Any CPU
		{9D9537AB-4D59-4C5F-BEBF-69E32837C421}.Release|x64.ActiveCfg = Release|Any CPU
		{9D9537AB-4D59-4C5F-BEBF-69E32837C421}.Release|x64.Build.0 = Release|Any CPU
		{9D9537AB-4D59-4C5F-BEBF-69E32837C421}.Release|x86.ActiveCfg = Release|Any CPU
		{9D9537AB-4D59-4C5F-BEBF-69E32837C421}.Release|x86.Build.0 = Release|Any CPU
		{13763C07-71C1-4E22-9608-218AB27500CB}.Debug|Any CPU.ActiveCfg = Debug|Any CPU
		{13763C07-71C1-4E22-9608-218AB27500CB}.Debug|Any CPU.Build.0 = Debug|Any CPU
		{13763C07-71C1-4E22-9608-218AB27500CB}.Debug|x64.ActiveCfg = Debug|Any CPU
		{13763C07-71C1-4E22-9608-218AB27500CB}.Debug|x64.Build.0 = Debug|Any CPU
		{13763C07-71C1-4E22-9608-218AB27500CB}.Debug|x86.ActiveCfg = Debug|Any CPU
		{13763C07-71C1-4E22-9608-218AB27500CB}.Debug|x86.Build.0 = Debug|Any CPU
		{13763C07-71C1-4E22-9608-218AB27500CB}.Release|Any CPU.ActiveCfg = Release|Any CPU
		{13763C07-71C1-4E22-9608-218AB27500CB}.Release|Any CPU.Build.0 = Release|Any CPU
		{13763C07-71C1-4E22-9608-218AB27500CB}.Release|x64.ActiveCfg = Release|Any CPU
		{13763C07-71C1-4E22-9608-218AB27500CB}.Release|x64.Build.0 = Release|Any CPU
		{13763C07-71C1-4E22-9608-218AB27500CB}.Release|x86.ActiveCfg = Release|Any CPU
		{13763C07-71C1-4E22-9608-218AB27500CB}.Release|x86.Build.0 = Release|Any CPU
		{2E92893A-08CF-4B83-A3D9-BC68683F8014}.Debug|Any CPU.ActiveCfg = Debug|Any CPU
		{2E92893A-08CF-4B83-A3D9-BC68683F8014}.Debug|Any CPU.Build.0 = Debug|Any CPU
		{2E92893A-08CF-4B83-A3D9-BC68683F8014}.Debug|x64.ActiveCfg = Debug|Any CPU
		{2E92893A-08CF-4B83-A3D9-BC68683F8014}.Debug|x64.Build.0 = Debug|Any CPU
		{2E92893A-08CF-4B83-A3D9-BC68683F8014}.Debug|x86.ActiveCfg = Debug|Any CPU
		{2E92893A-08CF-4B83-A3D9-BC68683F8014}.Debug|x86.Build.0 = Debug|Any CPU
		{2E92893A-08CF-4B83-A3D9-BC68683F8014}.Release|Any CPU.ActiveCfg = Release|Any CPU
		{2E92893A-08CF-4B83-A3D9-BC68683F8014}.Release|Any CPU.Build.0 = Release|Any CPU
		{2E92893A-08CF-4B83-A3D9-BC68683F8014}.Release|x64.ActiveCfg = Release|Any CPU
		{2E92893A-08CF-4B83-A3D9-BC68683F8014}.Release|x64.Build.0 = Release|Any CPU
		{2E92893A-08CF-4B83-A3D9-BC68683F8014}.Release|x86.ActiveCfg = Release|Any CPU
		{2E92893A-08CF-4B83-A3D9-BC68683F8014}.Release|x86.Build.0 = Release|Any CPU
		{DFEB9EBD-B5C7-40F5-92CB-7B895662E3B2}.Debug|Any CPU.ActiveCfg = Debug|Any CPU
		{DFEB9EBD-B5C7-40F5-92CB-7B895662E3B2}.Debug|Any CPU.Build.0 = Debug|Any CPU
		{DFEB9EBD-B5C7-40F5-92CB-7B895662E3B2}.Debug|x64.ActiveCfg = Debug|Any CPU
		{DFEB9EBD-B5C7-40F5-92CB-7B895662E3B2}.Debug|x64.Build.0 = Debug|Any CPU
		{DFEB9EBD-B5C7-40F5-92CB-7B895662E3B2}.Debug|x86.ActiveCfg = Debug|Any CPU
		{DFEB9EBD-B5C7-40F5-92CB-7B895662E3B2}.Debug|x86.Build.0 = Debug|Any CPU
		{DFEB9EBD-B5C7-40F5-92CB-7B895662E3B2}.Release|Any CPU.ActiveCfg = Release|Any CPU
		{DFEB9EBD-B5C7-40F5-92CB-7B895662E3B2}.Release|Any CPU.Build.0 = Release|Any CPU
		{DFEB9EBD-B5C7-40F5-92CB-7B895662E3B2}.Release|x64.ActiveCfg = Release|Any CPU
		{DFEB9EBD-B5C7-40F5-92CB-7B895662E3B2}.Release|x64.Build.0 = Release|Any CPU
		{DFEB9EBD-B5C7-40F5-92CB-7B895662E3B2}.Release|x86.ActiveCfg = Release|Any CPU
		{DFEB9EBD-B5C7-40F5-92CB-7B895662E3B2}.Release|x86.Build.0 = Release|Any CPU
		{B4F071B4-6C0F-44CE-A8EC-0F38CDB02F92}.Debug|Any CPU.ActiveCfg = Debug|Any CPU
		{B4F071B4-6C0F-44CE-A8EC-0F38CDB02F92}.Debug|Any CPU.Build.0 = Debug|Any CPU
		{B4F071B4-6C0F-44CE-A8EC-0F38CDB02F92}.Debug|x64.ActiveCfg = Debug|Any CPU
		{B4F071B4-6C0F-44CE-A8EC-0F38CDB02F92}.Debug|x64.Build.0 = Debug|Any CPU
		{B4F071B4-6C0F-44CE-A8EC-0F38CDB02F92}.Debug|x86.ActiveCfg = Debug|Any CPU
		{B4F071B4-6C0F-44CE-A8EC-0F38CDB02F92}.Debug|x86.Build.0 = Debug|Any CPU
		{B4F071B4-6C0F-44CE-A8EC-0F38CDB02F92}.Release|Any CPU.ActiveCfg = Release|Any CPU
		{B4F071B4-6C0F-44CE-A8EC-0F38CDB02F92}.Release|Any CPU.Build.0 = Release|Any CPU
		{B4F071B4-6C0F-44CE-A8EC-0F38CDB02F92}.Release|x64.ActiveCfg = Release|Any CPU
		{B4F071B4-6C0F-44CE-A8EC-0F38CDB02F92}.Release|x64.Build.0 = Release|Any CPU
		{B4F071B4-6C0F-44CE-A8EC-0F38CDB02F92}.Release|x86.ActiveCfg = Release|Any CPU
		{B4F071B4-6C0F-44CE-A8EC-0F38CDB02F92}.Release|x86.Build.0 = Release|Any CPU
		{CE814B4A-FEC7-4849-ACFE-4106C369A015}.Debug|Any CPU.ActiveCfg = Debug|Any CPU
		{CE814B4A-FEC7-4849-ACFE-4106C369A015}.Debug|Any CPU.Build.0 = Debug|Any CPU
		{CE814B4A-FEC7-4849-ACFE-4106C369A015}.Debug|x64.ActiveCfg = Debug|Any CPU
		{CE814B4A-FEC7-4849-ACFE-4106C369A015}.Debug|x64.Build.0 = Debug|Any CPU
		{CE814B4A-FEC7-4849-ACFE-4106C369A015}.Debug|x86.ActiveCfg = Debug|Any CPU
		{CE814B4A-FEC7-4849-ACFE-4106C369A015}.Debug|x86.Build.0 = Debug|Any CPU
		{CE814B4A-FEC7-4849-ACFE-4106C369A015}.Release|Any CPU.ActiveCfg = Release|Any CPU
		{CE814B4A-FEC7-4849-ACFE-4106C369A015}.Release|Any CPU.Build.0 = Release|Any CPU
		{CE814B4A-FEC7-4849-ACFE-4106C369A015}.Release|x64.ActiveCfg = Release|Any CPU
		{CE814B4A-FEC7-4849-ACFE-4106C369A015}.Release|x64.Build.0 = Release|Any CPU
		{CE814B4A-FEC7-4849-ACFE-4106C369A015}.Release|x86.ActiveCfg = Release|Any CPU
		{CE814B4A-FEC7-4849-ACFE-4106C369A015}.Release|x86.Build.0 = Release|Any CPU
		{327E4B60-6527-4EFA-B554-57E548F74088}.Debug|Any CPU.ActiveCfg = Debug|Any CPU
		{327E4B60-6527-4EFA-B554-57E548F74088}.Debug|Any CPU.Build.0 = Debug|Any CPU
		{327E4B60-6527-4EFA-B554-57E548F74088}.Debug|x64.ActiveCfg = Debug|Any CPU
		{327E4B60-6527-4EFA-B554-57E548F74088}.Debug|x64.Build.0 = Debug|Any CPU
		{327E4B60-6527-4EFA-B554-57E548F74088}.Debug|x86.ActiveCfg = Debug|Any CPU
		{327E4B60-6527-4EFA-B554-57E548F74088}.Debug|x86.Build.0 = Debug|Any CPU
		{327E4B60-6527-4EFA-B554-57E548F74088}.Release|Any CPU.ActiveCfg = Release|Any CPU
		{327E4B60-6527-4EFA-B554-57E548F74088}.Release|Any CPU.Build.0 = Release|Any CPU
		{327E4B60-6527-4EFA-B554-57E548F74088}.Release|x64.ActiveCfg = Release|Any CPU
		{327E4B60-6527-4EFA-B554-57E548F74088}.Release|x64.Build.0 = Release|Any CPU
		{327E4B60-6527-4EFA-B554-57E548F74088}.Release|x86.ActiveCfg = Release|Any CPU
		{327E4B60-6527-4EFA-B554-57E548F74088}.Release|x86.Build.0 = Release|Any CPU
		{4D5A184F-6F66-4E25-BB93-CC224ABE3B10}.Debug|Any CPU.ActiveCfg = Debug|Any CPU
		{4D5A184F-6F66-4E25-BB93-CC224ABE3B10}.Debug|Any CPU.Build.0 = Debug|Any CPU
		{4D5A184F-6F66-4E25-BB93-CC224ABE3B10}.Debug|x64.ActiveCfg = Debug|Any CPU
		{4D5A184F-6F66-4E25-BB93-CC224ABE3B10}.Debug|x64.Build.0 = Debug|Any CPU
		{4D5A184F-6F66-4E25-BB93-CC224ABE3B10}.Debug|x86.ActiveCfg = Debug|Any CPU
		{4D5A184F-6F66-4E25-BB93-CC224ABE3B10}.Debug|x86.Build.0 = Debug|Any CPU
		{4D5A184F-6F66-4E25-BB93-CC224ABE3B10}.Release|Any CPU.ActiveCfg = Release|Any CPU
		{4D5A184F-6F66-4E25-BB93-CC224ABE3B10}.Release|Any CPU.Build.0 = Release|Any CPU
		{4D5A184F-6F66-4E25-BB93-CC224ABE3B10}.Release|x64.ActiveCfg = Release|Any CPU
		{4D5A184F-6F66-4E25-BB93-CC224ABE3B10}.Release|x64.Build.0 = Release|Any CPU
		{4D5A184F-6F66-4E25-BB93-CC224ABE3B10}.Release|x86.ActiveCfg = Release|Any CPU
		{4D5A184F-6F66-4E25-BB93-CC224ABE3B10}.Release|x86.Build.0 = Release|Any CPU
		{08F3B7A6-7DE0-4CAE-87D4-80958B13DF89}.Debug|Any CPU.ActiveCfg = Debug|Any CPU
		{08F3B7A6-7DE0-4CAE-87D4-80958B13DF89}.Debug|Any CPU.Build.0 = Debug|Any CPU
		{08F3B7A6-7DE0-4CAE-87D4-80958B13DF89}.Debug|x64.ActiveCfg = Debug|Any CPU
		{08F3B7A6-7DE0-4CAE-87D4-80958B13DF89}.Debug|x64.Build.0 = Debug|Any CPU
		{08F3B7A6-7DE0-4CAE-87D4-80958B13DF89}.Debug|x86.ActiveCfg = Debug|Any CPU
		{08F3B7A6-7DE0-4CAE-87D4-80958B13DF89}.Debug|x86.Build.0 = Debug|Any CPU
		{08F3B7A6-7DE0-4CAE-87D4-80958B13DF89}.Release|Any CPU.ActiveCfg = Release|Any CPU
		{08F3B7A6-7DE0-4CAE-87D4-80958B13DF89}.Release|Any CPU.Build.0 = Release|Any CPU
		{08F3B7A6-7DE0-4CAE-87D4-80958B13DF89}.Release|x64.ActiveCfg = Release|Any CPU
		{08F3B7A6-7DE0-4CAE-87D4-80958B13DF89}.Release|x64.Build.0 = Release|Any CPU
		{08F3B7A6-7DE0-4CAE-87D4-80958B13DF89}.Release|x86.ActiveCfg = Release|Any CPU
		{08F3B7A6-7DE0-4CAE-87D4-80958B13DF89}.Release|x86.Build.0 = Release|Any CPU
		{EDAC1282-7518-46E6-80CB-0771F902B3D2}.Debug|Any CPU.ActiveCfg = Debug|Any CPU
		{EDAC1282-7518-46E6-80CB-0771F902B3D2}.Debug|Any CPU.Build.0 = Debug|Any CPU
		{EDAC1282-7518-46E6-80CB-0771F902B3D2}.Debug|x64.ActiveCfg = Debug|Any CPU
		{EDAC1282-7518-46E6-80CB-0771F902B3D2}.Debug|x64.Build.0 = Debug|Any CPU
		{EDAC1282-7518-46E6-80CB-0771F902B3D2}.Debug|x86.ActiveCfg = Debug|Any CPU
		{EDAC1282-7518-46E6-80CB-0771F902B3D2}.Debug|x86.Build.0 = Debug|Any CPU
		{EDAC1282-7518-46E6-80CB-0771F902B3D2}.Release|Any CPU.ActiveCfg = Release|Any CPU
		{EDAC1282-7518-46E6-80CB-0771F902B3D2}.Release|Any CPU.Build.0 = Release|Any CPU
		{EDAC1282-7518-46E6-80CB-0771F902B3D2}.Release|x64.ActiveCfg = Release|Any CPU
		{EDAC1282-7518-46E6-80CB-0771F902B3D2}.Release|x64.Build.0 = Release|Any CPU
		{EDAC1282-7518-46E6-80CB-0771F902B3D2}.Release|x86.ActiveCfg = Release|Any CPU
		{EDAC1282-7518-46E6-80CB-0771F902B3D2}.Release|x86.Build.0 = Release|Any CPU
		{FBAE93F8-E242-4A7A-ABC7-48454D17151E}.Debug|Any CPU.ActiveCfg = Debug|Any CPU
		{FBAE93F8-E242-4A7A-ABC7-48454D17151E}.Debug|Any CPU.Build.0 = Debug|Any CPU
		{FBAE93F8-E242-4A7A-ABC7-48454D17151E}.Debug|x64.ActiveCfg = Debug|Any CPU
		{FBAE93F8-E242-4A7A-ABC7-48454D17151E}.Debug|x64.Build.0 = Debug|Any CPU
		{FBAE93F8-E242-4A7A-ABC7-48454D17151E}.Debug|x86.ActiveCfg = Debug|Any CPU
		{FBAE93F8-E242-4A7A-ABC7-48454D17151E}.Debug|x86.Build.0 = Debug|Any CPU
		{FBAE93F8-E242-4A7A-ABC7-48454D17151E}.Release|Any CPU.ActiveCfg = Release|Any CPU
		{FBAE93F8-E242-4A7A-ABC7-48454D17151E}.Release|Any CPU.Build.0 = Release|Any CPU
		{FBAE93F8-E242-4A7A-ABC7-48454D17151E}.Release|x64.ActiveCfg = Release|Any CPU
		{FBAE93F8-E242-4A7A-ABC7-48454D17151E}.Release|x64.Build.0 = Release|Any CPU
		{FBAE93F8-E242-4A7A-ABC7-48454D17151E}.Release|x86.ActiveCfg = Release|Any CPU
		{FBAE93F8-E242-4A7A-ABC7-48454D17151E}.Release|x86.Build.0 = Release|Any CPU
		{DFC7DDFF-9E99-4D69-A5E7-FA09B4E7AD12}.Debug|Any CPU.ActiveCfg = Debug|Any CPU
		{DFC7DDFF-9E99-4D69-A5E7-FA09B4E7AD12}.Debug|Any CPU.Build.0 = Debug|Any CPU
		{DFC7DDFF-9E99-4D69-A5E7-FA09B4E7AD12}.Debug|x64.ActiveCfg = Debug|Any CPU
		{DFC7DDFF-9E99-4D69-A5E7-FA09B4E7AD12}.Debug|x64.Build.0 = Debug|Any CPU
		{DFC7DDFF-9E99-4D69-A5E7-FA09B4E7AD12}.Debug|x86.ActiveCfg = Debug|Any CPU
		{DFC7DDFF-9E99-4D69-A5E7-FA09B4E7AD12}.Debug|x86.Build.0 = Debug|Any CPU
		{DFC7DDFF-9E99-4D69-A5E7-FA09B4E7AD12}.Release|Any CPU.ActiveCfg = Release|Any CPU
		{DFC7DDFF-9E99-4D69-A5E7-FA09B4E7AD12}.Release|Any CPU.Build.0 = Release|Any CPU
		{DFC7DDFF-9E99-4D69-A5E7-FA09B4E7AD12}.Release|x64.ActiveCfg = Release|Any CPU
		{DFC7DDFF-9E99-4D69-A5E7-FA09B4E7AD12}.Release|x64.Build.0 = Release|Any CPU
		{DFC7DDFF-9E99-4D69-A5E7-FA09B4E7AD12}.Release|x86.ActiveCfg = Release|Any CPU
		{DFC7DDFF-9E99-4D69-A5E7-FA09B4E7AD12}.Release|x86.Build.0 = Release|Any CPU
		{D717D03D-A34E-4738-AD17-2ADC4E2D594A}.Debug|Any CPU.ActiveCfg = Debug|Any CPU
		{D717D03D-A34E-4738-AD17-2ADC4E2D594A}.Debug|Any CPU.Build.0 = Debug|Any CPU
		{D717D03D-A34E-4738-AD17-2ADC4E2D594A}.Debug|x64.ActiveCfg = Debug|Any CPU
		{D717D03D-A34E-4738-AD17-2ADC4E2D594A}.Debug|x64.Build.0 = Debug|Any CPU
		{D717D03D-A34E-4738-AD17-2ADC4E2D594A}.Debug|x86.ActiveCfg = Debug|Any CPU
		{D717D03D-A34E-4738-AD17-2ADC4E2D594A}.Debug|x86.Build.0 = Debug|Any CPU
		{D717D03D-A34E-4738-AD17-2ADC4E2D594A}.Release|Any CPU.ActiveCfg = Release|Any CPU
		{D717D03D-A34E-4738-AD17-2ADC4E2D594A}.Release|Any CPU.Build.0 = Release|Any CPU
		{D717D03D-A34E-4738-AD17-2ADC4E2D594A}.Release|x64.ActiveCfg = Release|Any CPU
		{D717D03D-A34E-4738-AD17-2ADC4E2D594A}.Release|x64.Build.0 = Release|Any CPU
		{D717D03D-A34E-4738-AD17-2ADC4E2D594A}.Release|x86.ActiveCfg = Release|Any CPU
		{D717D03D-A34E-4738-AD17-2ADC4E2D594A}.Release|x86.Build.0 = Release|Any CPU
	EndGlobalSection
	GlobalSection(SolutionProperties) = preSolution
		HideSolutionNode = FALSE
	EndGlobalSection
	GlobalSection(NestedProjects) = preSolution
		{9D9537AB-4D59-4C5F-BEBF-69E32837C421} = {70D13DC3-21F1-4CFC-BF1B-DFD075BC1985}
		{13763C07-71C1-4E22-9608-218AB27500CB} = {70D13DC3-21F1-4CFC-BF1B-DFD075BC1985}
		{2E92893A-08CF-4B83-A3D9-BC68683F8014} = {70D13DC3-21F1-4CFC-BF1B-DFD075BC1985}
		{DFEB9EBD-B5C7-40F5-92CB-7B895662E3B2} = {70D13DC3-21F1-4CFC-BF1B-DFD075BC1985}
		{B4F071B4-6C0F-44CE-A8EC-0F38CDB02F92} = {70D13DC3-21F1-4CFC-BF1B-DFD075BC1985}
		{CE814B4A-FEC7-4849-ACFE-4106C369A015} = {70D13DC3-21F1-4CFC-BF1B-DFD075BC1985}
		{327E4B60-6527-4EFA-B554-57E548F74088} = {7D76243D-F1D6-426B-ADFB-5251215BD1FA}
		{4D5A184F-6F66-4E25-BB93-CC224ABE3B10} = {7D76243D-F1D6-426B-ADFB-5251215BD1FA}
		{08F3B7A6-7DE0-4CAE-87D4-80958B13DF89} = {7D76243D-F1D6-426B-ADFB-5251215BD1FA}
		{EDAC1282-7518-46E6-80CB-0771F902B3D2} = {7D76243D-F1D6-426B-ADFB-5251215BD1FA}
		{FBAE93F8-E242-4A7A-ABC7-48454D17151E} = {7D76243D-F1D6-426B-ADFB-5251215BD1FA}
		{DFC7DDFF-9E99-4D69-A5E7-FA09B4E7AD12} = {7D76243D-F1D6-426B-ADFB-5251215BD1FA}
		{D717D03D-A34E-4738-AD17-2ADC4E2D594A} = {7D76243D-F1D6-426B-ADFB-5251215BD1FA}
	EndGlobalSection
EndGlobal
